// !$*UTF8*$!
{
	archiveVersion = 1;
	classes = {
	};
	objectVersion = 50;
	objects = {

/* Begin PBXBuildFile section */
		66527E9B25F9364500E92D67 /* AbsenceView.swift in Sources */ = {isa = PBXBuildFile; fileRef = 66527E9A25F9364500E92D67 /* AbsenceView.swift */; };
		66527EA025F9373300E92D67 /* RootTabView.swift in Sources */ = {isa = PBXBuildFile; fileRef = 66527E9F25F9373300E92D67 /* RootTabView.swift */; };
		66527EA525F937D100E92D67 /* StatisticsView.swift in Sources */ = {isa = PBXBuildFile; fileRef = 66527EA425F937D100E92D67 /* StatisticsView.swift */; };
		665ED1FF25EBE397009C2E7B /* AbsenceRecorderApp.swift in Sources */ = {isa = PBXBuildFile; fileRef = 665ED1FE25EBE397009C2E7B /* AbsenceRecorderApp.swift */; };
		665ED20125EBE397009C2E7B /* DivisionsView.swift in Sources */ = {isa = PBXBuildFile; fileRef = 665ED20025EBE397009C2E7B /* DivisionsView.swift */; };
		665ED20325EBE398009C2E7B /* Assets.xcassets in Resources */ = {isa = PBXBuildFile; fileRef = 665ED20225EBE398009C2E7B /* Assets.xcassets */; };
		665ED20625EBE398009C2E7B /* Preview Assets.xcassets in Resources */ = {isa = PBXBuildFile; fileRef = 665ED20525EBE398009C2E7B /* Preview Assets.xcassets */; };
		665ED21125EBE398009C2E7B /* AbsenceRecorderTests.swift in Sources */ = {isa = PBXBuildFile; fileRef = 665ED21025EBE398009C2E7B /* AbsenceRecorderTests.swift */; };
		665ED21C25EBE398009C2E7B /* AbsenceRecorderUITests.swift in Sources */ = {isa = PBXBuildFile; fileRef = 665ED21B25EBE398009C2E7B /* AbsenceRecorderUITests.swift */; };
		665ED22F25EBE40F009C2E7B /* Student.swift in Sources */ = {isa = PBXBuildFile; fileRef = 665ED22E25EBE40F009C2E7B /* Student.swift */; };
		665ED23725EBE48E009C2E7B /* Division.swift in Sources */ = {isa = PBXBuildFile; fileRef = 665ED23625EBE48E009C2E7B /* Division.swift */; };
		66B715C525EEDF8800153E59 /* Date.swift in Sources */ = {isa = PBXBuildFile; fileRef = 66B715C425EEDF8800153E59 /* Date.swift */; };
		66B715D525EEE30D00153E59 /* DivisionItem.swift in Sources */ = {isa = PBXBuildFile; fileRef = 66B715D425EEE30D00153E59 /* DivisionItem.swift */; };
		66EA617925F93F640051A2D0 /* StateController.swift in Sources */ = {isa = PBXBuildFile; fileRef = 66EA617825F93F640051A2D0 /* StateController.swift */; };
/* End PBXBuildFile section */

/* Begin PBXContainerItemProxy section */
		665ED20D25EBE398009C2E7B /* PBXContainerItemProxy */ = {
			isa = PBXContainerItemProxy;
			containerPortal = 665ED1F325EBE397009C2E7B /* Project object */;
			proxyType = 1;
			remoteGlobalIDString = 665ED1FA25EBE397009C2E7B;
			remoteInfo = AbsenceRecorder;
		};
		665ED21825EBE398009C2E7B /* PBXContainerItemProxy */ = {
			isa = PBXContainerItemProxy;
			containerPortal = 665ED1F325EBE397009C2E7B /* Project object */;
			proxyType = 1;
			remoteGlobalIDString = 665ED1FA25EBE397009C2E7B;
			remoteInfo = AbsenceRecorder;
		};
/* End PBXContainerItemProxy section */

/* Begin PBXFileReference section */
		66527E9A25F9364500E92D67 /* AbsenceView.swift */ = {isa = PBXFileReference; lastKnownFileType = sourcecode.swift; path = AbsenceView.swift; sourceTree = "<group>"; };
		66527E9F25F9373300E92D67 /* RootTabView.swift */ = {isa = PBXFileReference; lastKnownFileType = sourcecode.swift; path = RootTabView.swift; sourceTree = "<group>"; };
		66527EA425F937D100E92D67 /* StatisticsView.swift */ = {isa = PBXFileReference; lastKnownFileType = sourcecode.swift; path = StatisticsView.swift; sourceTree = "<group>"; };
		665ED1FB25EBE397009C2E7B /* AbsenceRecorder.app */ = {isa = PBXFileReference; explicitFileType = wrapper.application; includeInIndex = 0; path = AbsenceRecorder.app; sourceTree = BUILT_PRODUCTS_DIR; };
		665ED1FE25EBE397009C2E7B /* AbsenceRecorderApp.swift */ = {isa = PBXFileReference; lastKnownFileType = sourcecode.swift; path = AbsenceRecorderApp.swift; sourceTree = "<group>"; };
		665ED20025EBE397009C2E7B /* DivisionsView.swift */ = {isa = PBXFileReference; lastKnownFileType = sourcecode.swift; path = DivisionsView.swift; sourceTree = "<group>"; };
		665ED20225EBE398009C2E7B /* Assets.xcassets */ = {isa = PBXFileReference; lastKnownFileType = folder.assetcatalog; path = Assets.xcassets; sourceTree = "<group>"; };
		665ED20525EBE398009C2E7B /* Preview Assets.xcassets */ = {isa = PBXFileReference; lastKnownFileType = folder.assetcatalog; path = "Preview Assets.xcassets"; sourceTree = "<group>"; };
		665ED20725EBE398009C2E7B /* Info.plist */ = {isa = PBXFileReference; lastKnownFileType = text.plist.xml; path = Info.plist; sourceTree = "<group>"; };
		665ED20C25EBE398009C2E7B /* AbsenceRecorderTests.xctest */ = {isa = PBXFileReference; explicitFileType = wrapper.cfbundle; includeInIndex = 0; path = AbsenceRecorderTests.xctest; sourceTree = BUILT_PRODUCTS_DIR; };
		665ED21025EBE398009C2E7B /* AbsenceRecorderTests.swift */ = {isa = PBXFileReference; lastKnownFileType = sourcecode.swift; path = AbsenceRecorderTests.swift; sourceTree = "<group>"; };
		665ED21225EBE398009C2E7B /* Info.plist */ = {isa = PBXFileReference; lastKnownFileType = text.plist.xml; path = Info.plist; sourceTree = "<group>"; };
		665ED21725EBE398009C2E7B /* AbsenceRecorderUITests.xctest */ = {isa = PBXFileReference; explicitFileType = wrapper.cfbundle; includeInIndex = 0; path = AbsenceRecorderUITests.xctest; sourceTree = BUILT_PRODUCTS_DIR; };
		665ED21B25EBE398009C2E7B /* AbsenceRecorderUITests.swift */ = {isa = PBXFileReference; lastKnownFileType = sourcecode.swift; path = AbsenceRecorderUITests.swift; sourceTree = "<group>"; };
		665ED21D25EBE398009C2E7B /* Info.plist */ = {isa = PBXFileReference; lastKnownFileType = text.plist.xml; path = Info.plist; sourceTree = "<group>"; };
		665ED22E25EBE40F009C2E7B /* Student.swift */ = {isa = PBXFileReference; lastKnownFileType = sourcecode.swift; path = Student.swift; sourceTree = "<group>"; };
		665ED23625EBE48E009C2E7B /* Division.swift */ = {isa = PBXFileReference; lastKnownFileType = sourcecode.swift; path = Division.swift; sourceTree = "<group>"; };
		66B715C425EEDF8800153E59 /* Date.swift */ = {isa = PBXFileReference; lastKnownFileType = sourcecode.swift; path = Date.swift; sourceTree = "<group>"; };
		66B715D425EEE30D00153E59 /* DivisionItem.swift */ = {isa = PBXFileReference; lastKnownFileType = sourcecode.swift; path = DivisionItem.swift; sourceTree = "<group>"; };
		66EA617825F93F640051A2D0 /* StateController.swift */ = {isa = PBXFileReference; lastKnownFileType = sourcecode.swift; path = StateController.swift; sourceTree = "<group>"; };
/* End PBXFileReference section */

/* Begin PBXFrameworksBuildPhase section */
		665ED1F825EBE397009C2E7B /* Frameworks */ = {
			isa = PBXFrameworksBuildPhase;
			buildActionMask = 2147483647;
			files = (
			);
			runOnlyForDeploymentPostprocessing = 0;
		};
		665ED20925EBE398009C2E7B /* Frameworks */ = {
			isa = PBXFrameworksBuildPhase;
			buildActionMask = 2147483647;
			files = (
			);
			runOnlyForDeploymentPostprocessing = 0;
		};
		665ED21425EBE398009C2E7B /* Frameworks */ = {
			isa = PBXFrameworksBuildPhase;
			buildActionMask = 2147483647;
			files = (
			);
			runOnlyForDeploymentPostprocessing = 0;
		};
/* End PBXFrameworksBuildPhase section */

/* Begin PBXGroup section */
		665ED1F225EBE397009C2E7B = {
			isa = PBXGroup;
			children = (
				665ED1FD25EBE397009C2E7B /* AbsenceRecorder */,
				665ED20F25EBE398009C2E7B /* AbsenceRecorderTests */,
				665ED21A25EBE398009C2E7B /* AbsenceRecorderUITests */,
				665ED1FC25EBE397009C2E7B /* Products */,
			);
			sourceTree = "<group>";
		};
		665ED1FC25EBE397009C2E7B /* Products */ = {
			isa = PBXGroup;
			children = (
				665ED1FB25EBE397009C2E7B /* AbsenceRecorder.app */,
				665ED20C25EBE398009C2E7B /* AbsenceRecorderTests.xctest */,
				665ED21725EBE398009C2E7B /* AbsenceRecorderUITests.xctest */,
			);
			name = Products;
			sourceTree = "<group>";
		};
		665ED1FD25EBE397009C2E7B /* AbsenceRecorder */ = {
			isa = PBXGroup;
			children = (
				66B715C325EEDF7600153E59 /* Extensions */,
				665ED22D25EBE3D2009C2E7B /* View */,
				665ED22C25EBE3C8009C2E7B /* Model */,
				665ED1FE25EBE397009C2E7B /* AbsenceRecorderApp.swift */,
				665ED20225EBE398009C2E7B /* Assets.xcassets */,
				665ED20725EBE398009C2E7B /* Info.plist */,
				665ED20425EBE398009C2E7B /* Preview Content */,
				66EA617825F93F640051A2D0 /* StateController.swift */,
			);
			path = AbsenceRecorder;
			sourceTree = "<group>";
		};
		665ED20425EBE398009C2E7B /* Preview Content */ = {
			isa = PBXGroup;
			children = (
				665ED20525EBE398009C2E7B /* Preview Assets.xcassets */,
			);
			path = "Preview Content";
			sourceTree = "<group>";
		};
		665ED20F25EBE398009C2E7B /* AbsenceRecorderTests */ = {
			isa = PBXGroup;
			children = (
				665ED21025EBE398009C2E7B /* AbsenceRecorderTests.swift */,
				665ED21225EBE398009C2E7B /* Info.plist */,
			);
			path = AbsenceRecorderTests;
			sourceTree = "<group>";
		};
		665ED21A25EBE398009C2E7B /* AbsenceRecorderUITests */ = {
			isa = PBXGroup;
			children = (
				665ED21B25EBE398009C2E7B /* AbsenceRecorderUITests.swift */,
				665ED21D25EBE398009C2E7B /* Info.plist */,
			);
			path = AbsenceRecorderUITests;
			sourceTree = "<group>";
		};
		665ED22C25EBE3C8009C2E7B /* Model */ = {
			isa = PBXGroup;
			children = (
				665ED22E25EBE40F009C2E7B /* Student.swift */,
				665ED23625EBE48E009C2E7B /* Division.swift */,
			);
			path = Model;
			sourceTree = "<group>";
		};
		665ED22D25EBE3D2009C2E7B /* View */ = {
			isa = PBXGroup;
			children = (
				665ED20025EBE397009C2E7B /* DivisionsView.swift */,
				66B715D425EEE30D00153E59 /* DivisionItem.swift */,
				66527E9A25F9364500E92D67 /* AbsenceView.swift */,
				66527E9F25F9373300E92D67 /* RootTabView.swift */,
				66527EA425F937D100E92D67 /* StatisticsView.swift */,
			);
			path = View;
			sourceTree = "<group>";
		};
		66B715C325EEDF7600153E59 /* Extensions */ = {
			isa = PBXGroup;
			children = (
				66B715C425EEDF8800153E59 /* Date.swift */,
			);
			path = Extensions;
			sourceTree = "<group>";
		};
/* End PBXGroup section */

/* Begin PBXNativeTarget section */
		665ED1FA25EBE397009C2E7B /* AbsenceRecorder */ = {
			isa = PBXNativeTarget;
			buildConfigurationList = 665ED22025EBE398009C2E7B /* Build configuration list for PBXNativeTarget "AbsenceRecorder" */;
			buildPhases = (
				665ED1F725EBE397009C2E7B /* Sources */,
				665ED1F825EBE397009C2E7B /* Frameworks */,
				665ED1F925EBE397009C2E7B /* Resources */,
			);
			buildRules = (
			);
			dependencies = (
			);
			name = AbsenceRecorder;
			productName = AbsenceRecorder;
			productReference = 665ED1FB25EBE397009C2E7B /* AbsenceRecorder.app */;
			productType = "com.apple.product-type.application";
		};
		665ED20B25EBE398009C2E7B /* AbsenceRecorderTests */ = {
			isa = PBXNativeTarget;
			buildConfigurationList = 665ED22325EBE398009C2E7B /* Build configuration list for PBXNativeTarget "AbsenceRecorderTests" */;
			buildPhases = (
				665ED20825EBE398009C2E7B /* Sources */,
				665ED20925EBE398009C2E7B /* Frameworks */,
				665ED20A25EBE398009C2E7B /* Resources */,
			);
			buildRules = (
			);
			dependencies = (
				665ED20E25EBE398009C2E7B /* PBXTargetDependency */,
			);
			name = AbsenceRecorderTests;
			productName = AbsenceRecorderTests;
			productReference = 665ED20C25EBE398009C2E7B /* AbsenceRecorderTests.xctest */;
			productType = "com.apple.product-type.bundle.unit-test";
		};
		665ED21625EBE398009C2E7B /* AbsenceRecorderUITests */ = {
			isa = PBXNativeTarget;
			buildConfigurationList = 665ED22625EBE398009C2E7B /* Build configuration list for PBXNativeTarget "AbsenceRecorderUITests" */;
			buildPhases = (
				665ED21325EBE398009C2E7B /* Sources */,
				665ED21425EBE398009C2E7B /* Frameworks */,
				665ED21525EBE398009C2E7B /* Resources */,
			);
			buildRules = (
			);
			dependencies = (
				665ED21925EBE398009C2E7B /* PBXTargetDependency */,
			);
			name = AbsenceRecorderUITests;
			productName = AbsenceRecorderUITests;
			productReference = 665ED21725EBE398009C2E7B /* AbsenceRecorderUITests.xctest */;
			productType = "com.apple.product-type.bundle.ui-testing";
		};
/* End PBXNativeTarget section */

/* Begin PBXProject section */
		665ED1F325EBE397009C2E7B /* Project object */ = {
			isa = PBXProject;
			attributes = {
				LastSwiftUpdateCheck = 1240;
				LastUpgradeCheck = 1240;
				TargetAttributes = {
					665ED1FA25EBE397009C2E7B = {
						CreatedOnToolsVersion = 12.4;
					};
					665ED20B25EBE398009C2E7B = {
						CreatedOnToolsVersion = 12.4;
						TestTargetID = 665ED1FA25EBE397009C2E7B;
					};
					665ED21625EBE398009C2E7B = {
						CreatedOnToolsVersion = 12.4;
						TestTargetID = 665ED1FA25EBE397009C2E7B;
					};
				};
			};
			buildConfigurationList = 665ED1F625EBE397009C2E7B /* Build configuration list for PBXProject "AbsenceRecorder" */;
			compatibilityVersion = "Xcode 9.3";
			developmentRegion = en;
			hasScannedForEncodings = 0;
			knownRegions = (
				en,
				Base,
			);
			mainGroup = 665ED1F225EBE397009C2E7B;
			productRefGroup = 665ED1FC25EBE397009C2E7B /* Products */;
			projectDirPath = "";
			projectRoot = "";
			targets = (
				665ED1FA25EBE397009C2E7B /* AbsenceRecorder */,
				665ED20B25EBE398009C2E7B /* AbsenceRecorderTests */,
				665ED21625EBE398009C2E7B /* AbsenceRecorderUITests */,
			);
		};
/* End PBXProject section */

/* Begin PBXResourcesBuildPhase section */
		665ED1F925EBE397009C2E7B /* Resources */ = {
			isa = PBXResourcesBuildPhase;
			buildActionMask = 2147483647;
			files = (
				665ED20625EBE398009C2E7B /* Preview Assets.xcassets in Resources */,
				665ED20325EBE398009C2E7B /* Assets.xcassets in Resources */,
			);
			runOnlyForDeploymentPostprocessing = 0;
		};
		665ED20A25EBE398009C2E7B /* Resources */ = {
			isa = PBXResourcesBuildPhase;
			buildActionMask = 2147483647;
			files = (
			);
			runOnlyForDeploymentPostprocessing = 0;
		};
		665ED21525EBE398009C2E7B /* Resources */ = {
			isa = PBXResourcesBuildPhase;
			buildActionMask = 2147483647;
			files = (
			);
			runOnlyForDeploymentPostprocessing = 0;
		};
/* End PBXResourcesBuildPhase section */

/* Begin PBXSourcesBuildPhase section */
		665ED1F725EBE397009C2E7B /* Sources */ = {
			isa = PBXSourcesBuildPhase;
			buildActionMask = 2147483647;
			files = (
				665ED20125EBE397009C2E7B /* DivisionsView.swift in Sources */,
				66B715C525EEDF8800153E59 /* Date.swift in Sources */,
				66527EA025F9373300E92D67 /* RootTabView.swift in Sources */,
				665ED22F25EBE40F009C2E7B /* Student.swift in Sources */,
				66527EA525F937D100E92D67 /* StatisticsView.swift in Sources */,
				665ED23725EBE48E009C2E7B /* Division.swift in Sources */,
				665ED1FF25EBE397009C2E7B /* AbsenceRecorderApp.swift in Sources */,
				66B715D525EEE30D00153E59 /* DivisionItem.swift in Sources */,
				66527E9B25F9364500E92D67 /* AbsenceView.swift in Sources */,
				66EA617925F93F640051A2D0 /* StateController.swift in Sources */,
			);
			runOnlyForDeploymentPostprocessing = 0;
		};
		665ED20825EBE398009C2E7B /* Sources */ = {
			isa = PBXSourcesBuildPhase;
			buildActionMask = 2147483647;
			files = (
				665ED21125EBE398009C2E7B /* AbsenceRecorderTests.swift in Sources */,
			);
			runOnlyForDeploymentPostprocessing = 0;
		};
		665ED21325EBE398009C2E7B /* Sources */ = {
			isa = PBXSourcesBuildPhase;
			buildActionMask = 2147483647;
			files = (
				665ED21C25EBE398009C2E7B /* AbsenceRecorderUITests.swift in Sources */,
			);
			runOnlyForDeploymentPostprocessing = 0;
		};
/* End PBXSourcesBuildPhase section */

/* Begin PBXTargetDependency section */
		665ED20E25EBE398009C2E7B /* PBXTargetDependency */ = {
			isa = PBXTargetDependency;
			target = 665ED1FA25EBE397009C2E7B /* AbsenceRecorder */;
			targetProxy = 665ED20D25EBE398009C2E7B /* PBXContainerItemProxy */;
		};
		665ED21925EBE398009C2E7B /* PBXTargetDependency */ = {
			isa = PBXTargetDependency;
			target = 665ED1FA25EBE397009C2E7B /* AbsenceRecorder */;
			targetProxy = 665ED21825EBE398009C2E7B /* PBXContainerItemProxy */;
		};
/* End PBXTargetDependency section */

/* Begin XCBuildConfiguration section */
		665ED21E25EBE398009C2E7B /* Debug */ = {
			isa = XCBuildConfiguration;
			buildSettings = {
				ALWAYS_SEARCH_USER_PATHS = NO;
				CLANG_ANALYZER_NONNULL = YES;
				CLANG_ANALYZER_NUMBER_OBJECT_CONVERSION = YES_AGGRESSIVE;
				CLANG_CXX_LANGUAGE_STANDARD = "gnu++14";
				CLANG_CXX_LIBRARY = "libc++";
				CLANG_ENABLE_MODULES = YES;
				CLANG_ENABLE_OBJC_ARC = YES;
				CLANG_ENABLE_OBJC_WEAK = YES;
				CLANG_WARN_BLOCK_CAPTURE_AUTORELEASING = YES;
				CLANG_WARN_BOOL_CONVERSION = YES;
				CLANG_WARN_COMMA = YES;
				CLANG_WARN_CONSTANT_CONVERSION = YES;
				CLANG_WARN_DEPRECATED_OBJC_IMPLEMENTATIONS = YES;
				CLANG_WARN_DIRECT_OBJC_ISA_USAGE = YES_ERROR;
				CLANG_WARN_DOCUMENTATION_COMMENTS = YES;
				CLANG_WARN_EMPTY_BODY = YES;
				CLANG_WARN_ENUM_CONVERSION = YES;
				CLANG_WARN_INFINITE_RECURSION = YES;
				CLANG_WARN_INT_CONVERSION = YES;
				CLANG_WARN_NON_LITERAL_NULL_CONVERSION = YES;
				CLANG_WARN_OBJC_IMPLICIT_RETAIN_SELF = YES;
				CLANG_WARN_OBJC_LITERAL_CONVERSION = YES;
				CLANG_WARN_OBJC_ROOT_CLASS = YES_ERROR;
				CLANG_WARN_QUOTED_INCLUDE_IN_FRAMEWORK_HEADER = YES;
				CLANG_WARN_RANGE_LOOP_ANALYSIS = YES;
				CLANG_WARN_STRICT_PROTOTYPES = YES;
				CLANG_WARN_SUSPICIOUS_MOVE = YES;
				CLANG_WARN_UNGUARDED_AVAILABILITY = YES_AGGRESSIVE;
				CLANG_WARN_UNREACHABLE_CODE = YES;
				CLANG_WARN__DUPLICATE_METHOD_MATCH = YES;
				COPY_PHASE_STRIP = NO;
				DEBUG_INFORMATION_FORMAT = dwarf;
				ENABLE_STRICT_OBJC_MSGSEND = YES;
				ENABLE_TESTABILITY = YES;
				GCC_C_LANGUAGE_STANDARD = gnu11;
				GCC_DYNAMIC_NO_PIC = NO;
				GCC_NO_COMMON_BLOCKS = YES;
				GCC_OPTIMIZATION_LEVEL = 0;
				GCC_PREPROCESSOR_DEFINITIONS = (
					"DEBUG=1",
					"$(inherited)",
				);
				GCC_WARN_64_TO_32_BIT_CONVERSION = YES;
				GCC_WARN_ABOUT_RETURN_TYPE = YES_ERROR;
				GCC_WARN_UNDECLARED_SELECTOR = YES;
				GCC_WARN_UNINITIALIZED_AUTOS = YES_AGGRESSIVE;
				GCC_WARN_UNUSED_FUNCTION = YES;
				GCC_WARN_UNUSED_VARIABLE = YES;
				IPHONEOS_DEPLOYMENT_TARGET = 14.4;
				MTL_ENABLE_DEBUG_INFO = INCLUDE_SOURCE;
				MTL_FAST_MATH = YES;
				ONLY_ACTIVE_ARCH = YES;
				SDKROOT = iphoneos;
				SWIFT_ACTIVE_COMPILATION_CONDITIONS = DEBUG;
				SWIFT_OPTIMIZATION_LEVEL = "-Onone";
			};
			name = Debug;
		};
		665ED21F25EBE398009C2E7B /* Release */ = {
			isa = XCBuildConfiguration;
			buildSettings = {
				ALWAYS_SEARCH_USER_PATHS = NO;
				CLANG_ANALYZER_NONNULL = YES;
				CLANG_ANALYZER_NUMBER_OBJECT_CONVERSION = YES_AGGRESSIVE;
				CLANG_CXX_LANGUAGE_STANDARD = "gnu++14";
				CLANG_CXX_LIBRARY = "libc++";
				CLANG_ENABLE_MODULES = YES;
				CLANG_ENABLE_OBJC_ARC = YES;
				CLANG_ENABLE_OBJC_WEAK = YES;
				CLANG_WARN_BLOCK_CAPTURE_AUTORELEASING = YES;
				CLANG_WARN_BOOL_CONVERSION = YES;
				CLANG_WARN_COMMA = YES;
				CLANG_WARN_CONSTANT_CONVERSION = YES;
				CLANG_WARN_DEPRECATED_OBJC_IMPLEMENTATIONS = YES;
				CLANG_WARN_DIRECT_OBJC_ISA_USAGE = YES_ERROR;
				CLANG_WARN_DOCUMENTATION_COMMENTS = YES;
				CLANG_WARN_EMPTY_BODY = YES;
				CLANG_WARN_ENUM_CONVERSION = YES;
				CLANG_WARN_INFINITE_RECURSION = YES;
				CLANG_WARN_INT_CONVERSION = YES;
				CLANG_WARN_NON_LITERAL_NULL_CONVERSION = YES;
				CLANG_WARN_OBJC_IMPLICIT_RETAIN_SELF = YES;
				CLANG_WARN_OBJC_LITERAL_CONVERSION = YES;
				CLANG_WARN_OBJC_ROOT_CLASS = YES_ERROR;
				CLANG_WARN_QUOTED_INCLUDE_IN_FRAMEWORK_HEADER = YES;
				CLANG_WARN_RANGE_LOOP_ANALYSIS = YES;
				CLANG_WARN_STRICT_PROTOTYPES = YES;
				CLANG_WARN_SUSPICIOUS_MOVE = YES;
				CLANG_WARN_UNGUARDED_AVAILABILITY = YES_AGGRESSIVE;
				CLANG_WARN_UNREACHABLE_CODE = YES;
				CLANG_WARN__DUPLICATE_METHOD_MATCH = YES;
				COPY_PHASE_STRIP = NO;
				DEBUG_INFORMATION_FORMAT = "dwarf-with-dsym";
				ENABLE_NS_ASSERTIONS = NO;
				ENABLE_STRICT_OBJC_MSGSEND = YES;
				GCC_C_LANGUAGE_STANDARD = gnu11;
				GCC_NO_COMMON_BLOCKS = YES;
				GCC_WARN_64_TO_32_BIT_CONVERSION = YES;
				GCC_WARN_ABOUT_RETURN_TYPE = YES_ERROR;
				GCC_WARN_UNDECLARED_SELECTOR = YES;
				GCC_WARN_UNINITIALIZED_AUTOS = YES_AGGRESSIVE;
				GCC_WARN_UNUSED_FUNCTION = YES;
				GCC_WARN_UNUSED_VARIABLE = YES;
				IPHONEOS_DEPLOYMENT_TARGET = 14.4;
				MTL_ENABLE_DEBUG_INFO = NO;
				MTL_FAST_MATH = YES;
				SDKROOT = iphoneos;
				SWIFT_COMPILATION_MODE = wholemodule;
				SWIFT_OPTIMIZATION_LEVEL = "-O";
				VALIDATE_PRODUCT = YES;
			};
			name = Release;
		};
		665ED22125EBE398009C2E7B /* Debug */ = {
			isa = XCBuildConfiguration;
			buildSettings = {
				ASSETCATALOG_COMPILER_APPICON_NAME = AppIcon;
				ASSETCATALOG_COMPILER_GLOBAL_ACCENT_COLOR_NAME = AccentColor;
				CODE_SIGN_STYLE = Automatic;
				DEVELOPMENT_ASSET_PATHS = "\"AbsenceRecorder/Preview Content\"";
				DEVELOPMENT_TEAM = 2Y7Y72NLLY;
				ENABLE_PREVIEWS = YES;
				INFOPLIST_FILE = AbsenceRecorder/Info.plist;
				IPHONEOS_DEPLOYMENT_TARGET = 14.0;
				LD_RUNPATH_SEARCH_PATHS = (
					"$(inherited)",
					"@executable_path/Frameworks",
				);
				PRODUCT_BUNDLE_IDENTIFIER = zhenglongwu.AbsenceRecorder;
				PRODUCT_NAME = "$(TARGET_NAME)";
				SWIFT_VERSION = 5.0;
				TARGETED_DEVICE_FAMILY = "1,2";
			};
			name = Debug;
		};
		665ED22225EBE398009C2E7B /* Release */ = {
			isa = XCBuildConfiguration;
			buildSettings = {
				ASSETCATALOG_COMPILER_APPICON_NAME = AppIcon;
				ASSETCATALOG_COMPILER_GLOBAL_ACCENT_COLOR_NAME = AccentColor;
				CODE_SIGN_STYLE = Automatic;
				DEVELOPMENT_ASSET_PATHS = "\"AbsenceRecorder/Preview Content\"";
				DEVELOPMENT_TEAM = 2Y7Y72NLLY;
				ENABLE_PREVIEWS = YES;
				INFOPLIST_FILE = AbsenceRecorder/Info.plist;
				IPHONEOS_DEPLOYMENT_TARGET = 14.0;
				LD_RUNPATH_SEARCH_PATHS = (
					"$(inherited)",
					"@executable_path/Frameworks",
				);
				PRODUCT_BUNDLE_IDENTIFIER = zhenglongwu.AbsenceRecorder;
				PRODUCT_NAME = "$(TARGET_NAME)";
				SWIFT_VERSION = 5.0;
				TARGETED_DEVICE_FAMILY = "1,2";
			};
			name = Release;
		};
		665ED22425EBE398009C2E7B /* Debug */ = {
			isa = XCBuildConfiguration;
			buildSettings = {
				ALWAYS_EMBED_SWIFT_STANDARD_LIBRARIES = YES;
				BUNDLE_LOADER = "$(TEST_HOST)";
				CODE_SIGN_STYLE = Automatic;
				DEVELOPMENT_TEAM = 2Y7Y72NLLY;
				INFOPLIST_FILE = AbsenceRecorderTests/Info.plist;
				IPHONEOS_DEPLOYMENT_TARGET = 14.0;
				LD_RUNPATH_SEARCH_PATHS = (
					"$(inherited)",
					"@executable_path/Frameworks",
					"@loader_path/Frameworks",
				);
				PRODUCT_BUNDLE_IDENTIFIER = zhenglongwu.AbsenceRecorderTests;
				PRODUCT_NAME = "$(TARGET_NAME)";
				SWIFT_VERSION = 5.0;
				TARGETED_DEVICE_FAMILY = "1,2";
				TEST_HOST = "$(BUILT_PRODUCTS_DIR)/AbsenceRecorder.app/AbsenceRecorder";
			};
			name = Debug;
		};
		665ED22525EBE398009C2E7B /* Release */ = {
			isa = XCBuildConfiguration;
			buildSettings = {
				ALWAYS_EMBED_SWIFT_STANDARD_LIBRARIES = YES;
				BUNDLE_LOADER = "$(TEST_HOST)";
				CODE_SIGN_STYLE = Automatic;
				DEVELOPMENT_TEAM = 2Y7Y72NLLY;
				INFOPLIST_FILE = AbsenceRecorderTests/Info.plist;
				IPHONEOS_DEPLOYMENT_TARGET = 14.0;
				LD_RUNPATH_SEARCH_PATHS = (
					"$(inherited)",
					"@executable_path/Frameworks",
					"@loader_path/Frameworks",
				);
				PRODUCT_BUNDLE_IDENTIFIER = zhenglongwu.AbsenceRecorderTests;
				PRODUCT_NAME = "$(TARGET_NAME)";
				SWIFT_VERSION = 5.0;
				TARGETED_DEVICE_FAMILY = "1,2";
				TEST_HOST = "$(BUILT_PRODUCTS_DIR)/AbsenceRecorder.app/AbsenceRecorder";
			};
			name = Release;
		};
		665ED22725EBE398009C2E7B /* Debug */ = {
			isa = XCBuildConfiguration;
			buildSettings = {
				ALWAYS_EMBED_SWIFT_STANDARD_LIBRARIES = YES;
				CODE_SIGN_STYLE = Automatic;
				DEVELOPMENT_TEAM = 2Y7Y72NLLY;
				INFOPLIST_FILE = AbsenceRecorderUITests/Info.plist;
				LD_RUNPATH_SEARCH_PATHS = (
					"$(inherited)",
					"@executable_path/Frameworks",
					"@loader_path/Frameworks",
				);
				PRODUCT_BUNDLE_IDENTIFIER = zhenglongwu.AbsenceRecorderUITests;
				PRODUCT_NAME = "$(TARGET_NAME)";
				SWIFT_VERSION = 5.0;
				TARGETED_DEVICE_FAMILY = "1,2";
				TEST_TARGET_NAME = AbsenceRecorder;
			};
			name = Debug;
		};
		665ED22825EBE398009C2E7B /* Release */ = {
			isa = XCBuildConfiguration;
			buildSettings = {
				ALWAYS_EMBED_SWIFT_STANDARD_LIBRARIES = YES;
				CODE_SIGN_STYLE = Automatic;
				DEVELOPMENT_TEAM = 2Y7Y72NLLY;
				INFOPLIST_FILE = AbsenceRecorderUITests/Info.plist;
				LD_RUNPATH_SEARCH_PATHS = (
					"$(inherited)",
					"@executable_path/Frameworks",
					"@loader_path/Frameworks",
				);
				PRODUCT_BUNDLE_IDENTIFIER = zhenglongwu.AbsenceRecorderUITests;
				PRODUCT_NAME = "$(TARGET_NAME)";
				SWIFT_VERSION = 5.0;
				TARGETED_DEVICE_FAMILY = "1,2";
				TEST_TARGET_NAME = AbsenceRecorder;
			};
			name = Release;
		};
/* End XCBuildConfiguration section */

/* Begin XCConfigurationList section */
		665ED1F625EBE397009C2E7B /* Build configuration list for PBXProject "AbsenceRecorder" */ = {
			isa = XCConfigurationList;
			buildConfigurations = (
				665ED21E25EBE398009C2E7B /* Debug */,
				665ED21F25EBE398009C2E7B /* Release */,
			);
			defaultConfigurationIsVisible = 0;
			defaultConfigurationName = Release;
		};
		665ED22025EBE398009C2E7B /* Build configuration list for PBXNativeTarget "AbsenceRecorder" */ = {
			isa = XCConfigurationList;
			buildConfigurations = (
				665ED22125EBE398009C2E7B /* Debug */,
				665ED22225EBE398009C2E7B /* Release */,
			);
			defaultConfigurationIsVisible = 0;
			defaultConfigurationName = Release;
		};
		665ED22325EBE398009C2E7B /* Build configuration list for PBXNativeTarget "AbsenceRecorderTests" */ = {
			isa = XCConfigurationList;
			buildConfigurations = (
				665ED22425EBE398009C2E7B /* Debug */,
				665ED22525EBE398009C2E7B /* Release */,
			);
			defaultConfigurationIsVisible = 0;
			defaultConfigurationName = Release;
		};
		665ED22625EBE398009C2E7B /* Build configuration list for PBXNativeTarget "AbsenceRecorderUITests" */ = {
			isa = XCConfigurationList;
			buildConfigurations = (
				665ED22725EBE398009C2E7B /* Debug */,
				665ED22825EBE398009C2E7B /* Release */,
			);
			defaultConfigurationIsVisible = 0;
			defaultConfigurationName = Release;
		};
/* End XCConfigurationList section */
	};
	rootObject = 665ED1F325EBE397009C2E7B /* Project object */;
}
